
Microsoft Visual Studio Solution File, Format Version 12.00
# Visual Studio Version 17
VisualStudioVersion = 17.14.36121.58 d17.14
MinimumVisualStudioVersion = 10.0.40219.1
Project("{FAE04EC0-301F-11D3-BF4B-00C04F79EFBC}") = "LLM", "LLM.csproj", "{06424CBD-4525-4C12-B61A-CBA53CF33350}"
EndProject
Global
	GlobalSection(SolutionConfigurationPlatforms) = preSolution
		Debug|Any CPU = Debug|Any CPU
		Release|Any CPU = Release|Any CPU
	EndGlobalSection
	GlobalSection(ProjectConfigurationPlatforms) = postSolution
		{06424CBD-4525-4C12-B61A-CBA53CF33350}.Debug|Any CPU.ActiveCfg = Debug|Any CPU
		{06424CBD-4525-4C12-B61A-CBA53CF33350}.Debug|Any CPU.Build.0 = Debug|Any CPU
		{06424CBD-4525-4C12-B61A-CBA53CF33350}.Release|Any CPU.ActiveCfg = Release|Any CPU
		{06424CBD-4525-4C12-B61A-CBA53CF33350}.Release|Any CPU.Build.0 = Release|Any CPU
	EndGlobalSection
	GlobalSection(SolutionProperties) = preSolution
		HideSolutionNode = FALSE
	EndGlobalSection
	GlobalSection(ExtensibilityGlobals) = postSolution
		SolutionGuid = {68DFFAB5-7F35-4C88-9AFF-B35A52AE86F6}
	EndGlobalSection
EndGlobal
